
Microsoft Visual Studio Solution File, Format Version 12.00
# Visual Studio Version 16
VisualStudioVersion = 16.0.31702.278
MinimumVisualStudioVersion = 10.0.40219.1
Project("{FAE04EC0-301F-11D3-BF4B-00C04F79EFBC}") = "FeeseAppointments", "FeeseAppointments\FeeseAppointments.csproj", "{6692745E-8AF1-4E16-AE3E-6C1561D7806F}"
EndProject
Global
	GlobalSection(SolutionConfigurationPlatforms) = preSolution
		Debug|Any CPU = Debug|Any CPU
		Release|Any CPU = Release|Any CPU
	EndGlobalSection
	GlobalSection(ProjectConfigurationPlatforms) = postSolution
		{6692745E-8AF1-4E16-AE3E-6C1561D7806F}.Debug|Any CPU.ActiveCfg = Debug|Any CPU
		{6692745E-8AF1-4E16-AE3E-6C1561D7806F}.Debug|Any CPU.Build.0 = Debug|Any CPU
		{6692745E-8AF1-4E16-AE3E-6C1561D7806F}.Release|Any CPU.ActiveCfg = Release|Any CPU
		{6692745E-8AF1-4E16-AE3E-6C1561D7806F}.Release|Any CPU.Build.0 = Release|Any CPU
	EndGlobalSection
	GlobalSection(SolutionProperties) = preSolution
		HideSolutionNode = FALSE
	EndGlobalSection
	GlobalSection(ExtensibilityGlobals) = postSolution
		SolutionGuid = {F16F2589-8BCA-4944-8076-587AD544A8DA}
	EndGlobalSection
EndGlobal
